
Microsoft Visual Studio Solution File, Format Version 12.00
# Visual Studio Version 17
VisualStudioVersion = 17.0.31903.59
MinimumVisualStudioVersion = 10.0.40219.1
Project("{FAE04EC0-301F-11D3-BF4B-00C04F79EFBC}") = "API", "API\API.csproj", "{8D0B28C1-4AF2-4F4A-A4B3-27ABD4E527C5}"
EndProject
Project("{FAE04EC0-301F-11D3-BF4B-00C04F79EFBC}") = "Application", "Application\Application.csproj", "{0A5B80C3-74BC-4069-86FC-541ABB092B1E}"
EndProject
Project("{FAE04EC0-301F-11D3-BF4B-00C04F79EFBC}") = "Domain", "Domain\Domain.csproj", "{C6AB7F0D-4297-4F22-B89E-E205351D8B10}"
EndProject
Project("{FAE04EC0-301F-11D3-BF4B-00C04F79EFBC}") = "Persistence", "Persistence\Persistence.csproj", "{D1B15927-A957-4EB8-9476-7EE0EC719924}"
EndProject
Global
	GlobalSection(SolutionConfigurationPlatforms) = preSolution
		Debug|Any CPU = Debug|Any CPU
		Release|Any CPU = Release|Any CPU
	EndGlobalSection
	GlobalSection(SolutionProperties) = preSolution
		HideSolutionNode = FALSE
	EndGlobalSection
	GlobalSection(ProjectConfigurationPlatforms) = postSolution
		{8D0B28C1-4AF2-4F4A-A4B3-27ABD4E527C5}.Debug|Any CPU.ActiveCfg = Debug|Any CPU
		{8D0B28C1-4AF2-4F4A-A4B3-27ABD4E527C5}.Debug|Any CPU.Build.0 = Debug|Any CPU
		{8D0B28C1-4AF2-4F4A-A4B3-27ABD4E527C5}.Release|Any CPU.ActiveCfg = Release|Any CPU
		{8D0B28C1-4AF2-4F4A-A4B3-27ABD4E527C5}.Release|Any CPU.Build.0 = Release|Any CPU
		{0A5B80C3-74BC-4069-86FC-541ABB092B1E}.Debug|Any CPU.ActiveCfg = Debug|Any CPU
		{0A5B80C3-74BC-4069-86FC-541ABB092B1E}.Debug|Any CPU.Build.0 = Debug|Any CPU
		{0A5B80C3-74BC-4069-86FC-541ABB092B1E}.Release|Any CPU.ActiveCfg = Release|Any CPU
		{0A5B80C3-74BC-4069-86FC-541ABB092B1E}.Release|Any CPU.Build.0 = Release|Any CPU
		{C6AB7F0D-4297-4F22-B89E-E205351D8B10}.Debug|Any CPU.ActiveCfg = Debug|Any CPU
		{C6AB7F0D-4297-4F22-B89E-E205351D8B10}.Debug|Any CPU.Build.0 = Debug|Any CPU
		{C6AB7F0D-4297-4F22-B89E-E205351D8B10}.Release|Any CPU.ActiveCfg = Release|Any CPU
		{C6AB7F0D-4297-4F22-B89E-E205351D8B10}.Release|Any CPU.Build.0 = Release|Any CPU
		{D1B15927-A957-4EB8-9476-7EE0EC719924}.Debug|Any CPU.ActiveCfg = Debug|Any CPU
		{D1B15927-A957-4EB8-9476-7EE0EC719924}.Debug|Any CPU.Build.0 = Debug|Any CPU
		{D1B15927-A957-4EB8-9476-7EE0EC719924}.Release|Any CPU.ActiveCfg = Release|Any CPU
		{D1B15927-A957-4EB8-9476-7EE0EC719924}.Release|Any CPU.Build.0 = Release|Any CPU
	EndGlobalSection
EndGlobal
